
Microsoft Visual Studio Solution File, Format Version 12.00
# Visual Studio Version 16
VisualStudioVersion = 16.0.30011.22
MinimumVisualStudioVersion = 10.0.40219.1
Project("{9A19103F-16F7-4668-BE54-9A1E7A4F7556}") = "SkaraItseyChallenge1", "SkaraItseyChallenge\SkaraItseyChallenge1.csproj", "{FC767090-D57D-4168-B64A-6D4911B6E957}"
EndProject
Project("{9A19103F-16F7-4668-BE54-9A1E7A4F7556}") = "SkaraItseyChallenge.Test", "SkaraItseyChallenge.Test\SkaraItseyChallenge.Test.csproj", "{DC43CCC2-1B93-4F2D-891D-119AF85B9247}"
EndProject
Global
	GlobalSection(SolutionConfigurationPlatforms) = preSolution
		Debug|Any CPU = Debug|Any CPU
		Release|Any CPU = Release|Any CPU
	EndGlobalSection
	GlobalSection(ProjectConfigurationPlatforms) = postSolution
		{FC767090-D57D-4168-B64A-6D4911B6E957}.Debug|Any CPU.ActiveCfg = Debug|Any CPU
		{FC767090-D57D-4168-B64A-6D4911B6E957}.Debug|Any CPU.Build.0 = Debug|Any CPU
		{FC767090-D57D-4168-B64A-6D4911B6E957}.Release|Any CPU.ActiveCfg = Release|Any CPU
		{FC767090-D57D-4168-B64A-6D4911B6E957}.Release|Any CPU.Build.0 = Release|Any CPU
		{DC43CCC2-1B93-4F2D-891D-119AF85B9247}.Debug|Any CPU.ActiveCfg = Debug|Any CPU
		{DC43CCC2-1B93-4F2D-891D-119AF85B9247}.Debug|Any CPU.Build.0 = Debug|Any CPU
		{DC43CCC2-1B93-4F2D-891D-119AF85B9247}.Release|Any CPU.ActiveCfg = Release|Any CPU
		{DC43CCC2-1B93-4F2D-891D-119AF85B9247}.Release|Any CPU.Build.0 = Release|Any CPU
	EndGlobalSection
	GlobalSection(SolutionProperties) = preSolution
		HideSolutionNode = FALSE
	EndGlobalSection
	GlobalSection(ExtensibilityGlobals) = postSolution
		SolutionGuid = {FE70A543-B4BE-46AB-8FC0-3863D1D928B5}
	EndGlobalSection
EndGlobal
